
Microsoft Visual Studio Solution File, Format Version 12.00
# Visual Studio Version 16
VisualStudioVersion = 16.0.31702.278
MinimumVisualStudioVersion = 10.0.40219.1
Project("{FAE04EC0-301F-11D3-BF4B-00C04F79EFBC}") = "RockPaperScissor", "RockPaperScissor.csproj", "{6F782F31-44D7-4679-9BE9-B97D542CB418}"
EndProject
Global
	GlobalSection(SolutionConfigurationPlatforms) = preSolution
		Debug|Any CPU = Debug|Any CPU
		Release|Any CPU = Release|Any CPU
	EndGlobalSection
	GlobalSection(ProjectConfigurationPlatforms) = postSolution
		{6F782F31-44D7-4679-9BE9-B97D542CB418}.Debug|Any CPU.ActiveCfg = Debug|Any CPU
		{6F782F31-44D7-4679-9BE9-B97D542CB418}.Debug|Any CPU.Build.0 = Debug|Any CPU
		{6F782F31-44D7-4679-9BE9-B97D542CB418}.Release|Any CPU.ActiveCfg = Release|Any CPU
		{6F782F31-44D7-4679-9BE9-B97D542CB418}.Release|Any CPU.Build.0 = Release|Any CPU
	EndGlobalSection
	GlobalSection(SolutionProperties) = preSolution
		HideSolutionNode = FALSE
	EndGlobalSection
	GlobalSection(ExtensibilityGlobals) = postSolution
		SolutionGuid = {DF0EB8FC-CE15-4913-B73B-D46271E8868D}
	EndGlobalSection
EndGlobal
